
Microsoft Visual Studio Solution File, Format Version 12.00
# Visual Studio Version 16
VisualStudioVersion = 16.0.29503.13
MinimumVisualStudioVersion = 10.0.40219.1
Project("{FAE04EC0-301F-11D3-BF4B-00C04F79EFBC}") = "CloudChains.Spv.Api", "CloudChains.Spv.Api.csproj", "{C6BD2937-CBC4-4AE3-B0A9-59DEB4CF5C26}"
EndProject
Global
	GlobalSection(SolutionConfigurationPlatforms) = preSolution
		Debug|Any CPU = Debug|Any CPU
		Release|Any CPU = Release|Any CPU
	EndGlobalSection
	GlobalSection(ProjectConfigurationPlatforms) = postSolution
		{C6BD2937-CBC4-4AE3-B0A9-59DEB4CF5C26}.Debug|Any CPU.ActiveCfg = Debug|Any CPU
		{C6BD2937-CBC4-4AE3-B0A9-59DEB4CF5C26}.Debug|Any CPU.Build.0 = Debug|Any CPU
		{C6BD2937-CBC4-4AE3-B0A9-59DEB4CF5C26}.Release|Any CPU.ActiveCfg = Release|Any CPU
		{C6BD2937-CBC4-4AE3-B0A9-59DEB4CF5C26}.Release|Any CPU.Build.0 = Release|Any CPU
	EndGlobalSection
	GlobalSection(SolutionProperties) = preSolution
		HideSolutionNode = FALSE
	EndGlobalSection
	GlobalSection(ExtensibilityGlobals) = postSolution
		SolutionGuid = {DA6BD780-E08C-48C3-AC8F-C848B30C5241}
	EndGlobalSection
EndGlobal
